
Microsoft Visual Studio Solution File, Format Version 12.00
# Visual Studio Version 17
VisualStudioVersion = 17.7.34031.279
MinimumVisualStudioVersion = 10.0.40219.1
Project("{FAE04EC0-301F-11D3-BF4B-00C04F79EFBC}") = "otopark_", "otopark_.csproj", "{5CB8724A-7BF7-4C86-AC42-C2DD416B680C}"
EndProject
Global
	GlobalSection(SolutionConfigurationPlatforms) = preSolution
		Debug|Any CPU = Debug|Any CPU
		Release|Any CPU = Release|Any CPU
	EndGlobalSection
	GlobalSection(ProjectConfigurationPlatforms) = postSolution
		{5CB8724A-7BF7-4C86-AC42-C2DD416B680C}.Debug|Any CPU.ActiveCfg = Debug|Any CPU
		{5CB8724A-7BF7-4C86-AC42-C2DD416B680C}.Debug|Any CPU.Build.0 = Debug|Any CPU
		{5CB8724A-7BF7-4C86-AC42-C2DD416B680C}.Release|Any CPU.ActiveCfg = Release|Any CPU
		{5CB8724A-7BF7-4C86-AC42-C2DD416B680C}.Release|Any CPU.Build.0 = Release|Any CPU
	EndGlobalSection
	GlobalSection(SolutionProperties) = preSolution
		HideSolutionNode = FALSE
	EndGlobalSection
	GlobalSection(ExtensibilityGlobals) = postSolution
		SolutionGuid = {C94F2464-68F7-4B66-96B4-7AF37C8B6A2B}
	EndGlobalSection
EndGlobal
